
Microsoft Visual Studio Solution File, Format Version 12.00
# Visual Studio 14
VisualStudioVersion = 14.0.25123.0
MinimumVisualStudioVersion = 10.0.40219.1
Project("{FAE04EC0-301F-11D3-BF4B-00C04F79EFBC}") = "Yammerly.Droid", "Yammerly\Yammerly.Droid\Yammerly.Droid.csproj", "{BDD64059-8518-4E65-A06E-03E983D07AA7}"
EndProject
Project("{FAE04EC0-301F-11D3-BF4B-00C04F79EFBC}") = "Yammerly.iOS", "Yammerly\Yammerly.iOS\Yammerly.iOS.csproj", "{9F1C0D75-F845-4E0A-B093-C761E8F200BE}"
EndProject
Project("{FAE04EC0-301F-11D3-BF4B-00C04F79EFBC}") = "Yammerly.UWP", "Yammerly\Yammerly.UWP\Yammerly.UWP.csproj", "{7AED194C-F205-42B2-80B4-2648ED6D7CFA}"
EndProject
Project("{FAE04EC0-301F-11D3-BF4B-00C04F79EFBC}") = "Yammerly", "Yammerly\Yammerly\Yammerly.csproj", "{F64CCBC8-E140-49C5-B227-31363ACA0BDA}"
EndProject
Global
	GlobalSection(SolutionConfigurationPlatforms) = preSolution
		Ad-Hoc|Any CPU = Ad-Hoc|Any CPU
		Ad-Hoc|ARM = Ad-Hoc|ARM
		Ad-Hoc|iPhone = Ad-Hoc|iPhone
		Ad-Hoc|iPhoneSimulator = Ad-Hoc|iPhoneSimulator
		Ad-Hoc|x64 = Ad-Hoc|x64
		Ad-Hoc|x86 = Ad-Hoc|x86
		AppStore|Any CPU = AppStore|Any CPU
		AppStore|ARM = AppStore|ARM
		AppStore|iPhone = AppStore|iPhone
		AppStore|iPhoneSimulator = AppStore|iPhoneSimulator
		AppStore|x64 = AppStore|x64
		AppStore|x86 = AppStore|x86
		Debug|Any CPU = Debug|Any CPU
		Debug|ARM = Debug|ARM
		Debug|iPhone = Debug|iPhone
		Debug|iPhoneSimulator = Debug|iPhoneSimulator
		Debug|x64 = Debug|x64
		Debug|x86 = Debug|x86
		Release|Any CPU = Release|Any CPU
		Release|ARM = Release|ARM
		Release|iPhone = Release|iPhone
		Release|iPhoneSimulator = Release|iPhoneSimulator
		Release|x64 = Release|x64
		Release|x86 = Release|x86
	EndGlobalSection
	GlobalSection(ProjectConfigurationPlatforms) = postSolution
		{BDD64059-8518-4E65-A06E-03E983D07AA7}.Ad-Hoc|Any CPU.ActiveCfg = Release|Any CPU
		{BDD64059-8518-4E65-A06E-03E983D07AA7}.Ad-Hoc|Any CPU.Build.0 = Release|Any CPU
		{BDD64059-8518-4E65-A06E-03E983D07AA7}.Ad-Hoc|Any CPU.Deploy.0 = Release|Any CPU
		{BDD64059-8518-4E65-A06E-03E983D07AA7}.Ad-Hoc|ARM.ActiveCfg = Release|Any CPU
		{BDD64059-8518-4E65-A06E-03E983D07AA7}.Ad-Hoc|ARM.Build.0 = Release|Any CPU
		{BDD64059-8518-4E65-A06E-03E983D07AA7}.Ad-Hoc|ARM.Deploy.0 = Release|Any CPU
		{BDD64059-8518-4E65-A06E-03E983D07AA7}.Ad-Hoc|iPhone.ActiveCfg = Release|Any CPU
		{BDD64059-8518-4E65-A06E-03E983D07AA7}.Ad-Hoc|iPhone.Build.0 = Release|Any CPU
		{BDD64059-8518-4E65-A06E-03E983D07AA7}.Ad-Hoc|iPhone.Deploy.0 = Release|Any CPU
		{BDD64059-8518-4E65-A06E-03E983D07AA7}.Ad-Hoc|iPhoneSimulator.ActiveCfg = Release|Any CPU
		{BDD64059-8518-4E65-A06E-03E983D07AA7}.Ad-Hoc|iPhoneSimulator.Build.0 = Release|Any CPU
		{BDD64059-8518-4E65-A06E-03E983D07AA7}.Ad-Hoc|iPhoneSimulator.Deploy.0 = Release|Any CPU
		{BDD64059-8518-4E65-A06E-03E983D07AA7}.Ad-Hoc|x64.ActiveCfg = Release|Any CPU
		{BDD64059-8518-4E65-A06E-03E983D07AA7}.Ad-Hoc|x64.Build.0 = Release|Any CPU
		{BDD64059-8518-4E65-A06E-03E983D07AA7}.Ad-Hoc|x64.Deploy.0 = Release|Any CPU
		{BDD64059-8518-4E65-A06E-03E983D07AA7}.Ad-Hoc|x86.ActiveCfg = Release|Any CPU
		{BDD64059-8518-4E65-A06E-03E983D07AA7}.Ad-Hoc|x86.Build.0 = Release|Any CPU
		{BDD64059-8518-4E65-A06E-03E983D07AA7}.Ad-Hoc|x86.Deploy.0 = Release|Any CPU
		{BDD64059-8518-4E65-A06E-03E983D07AA7}.AppStore|Any CPU.ActiveCfg = Release|Any CPU
		{BDD64059-8518-4E65-A06E-03E983D07AA7}.AppStore|Any CPU.Build.0 = Release|Any CPU
		{BDD64059-8518-4E65-A06E-03E983D07AA7}.AppStore|Any CPU.Deploy.0 = Release|Any CPU
		{BDD64059-8518-4E65-A06E-03E983D07AA7}.AppStore|ARM.ActiveCfg = Release|Any CPU
		{BDD64059-8518-4E65-A06E-03E983D07AA7}.AppStore|ARM.Build.0 = Release|Any CPU
		{BDD64059-8518-4E65-A06E-03E983D07AA7}.AppStore|ARM.Deploy.0 = Release|Any CPU
		{BDD64059-8518-4E65-A06E-03E983D07AA7}.AppStore|iPhone.ActiveCfg = Release|Any CPU
		{BDD64059-8518-4E65-A06E-03E983D07AA7}.AppStore|iPhone.Build.0 = Release|Any CPU
		{BDD64059-8518-4E65-A06E-03E983D07AA7}.AppStore|iPhone.Deploy.0 = Release|Any CPU
		{BDD64059-8518-4E65-A06E-03E983D07AA7}.AppStore|iPhoneSimulator.ActiveCfg = Release|Any CPU
		{BDD64059-8518-4E65-A06E-03E983D07AA7}.AppStore|iPhoneSimulator.Build.0 = Release|Any CPU
		{BDD64059-8518-4E65-A06E-03E983D07AA7}.AppStore|iPhoneSimulator.Deploy.0 = Release|Any CPU
		{BDD64059-8518-4E65-A06E-03E983D07AA7}.AppStore|x64.ActiveCfg = Release|Any CPU
		{BDD64059-8518-4E65-A06E-03E983D07AA7}.AppStore|x64.Build.0 = Release|Any CPU
		{BDD64059-8518-4E65-A06E-03E983D07AA7}.AppStore|x64.Deploy.0 = Release|Any CPU
		{BDD64059-8518-4E65-A06E-03E983D07AA7}.AppStore|x86.ActiveCfg = Release|Any CPU
		{BDD64059-8518-4E65-A06E-03E983D07AA7}.AppStore|x86.Build.0 = Release|Any CPU
		{BDD64059-8518-4E65-A06E-03E983D07AA7}.AppStore|x86.Deploy.0 = Release|Any CPU
		{BDD64059-8518-4E65-A06E-03E983D07AA7}.Debug|Any CPU.ActiveCfg = Debug|Any CPU
		{BDD64059-8518-4E65-A06E-03E983D07AA7}.Debug|Any CPU.Build.0 = Debug|Any CPU
		{BDD64059-8518-4E65-A06E-03E983D07AA7}.Debug|Any CPU.Deploy.0 = Debug|Any CPU
		{BDD64059-8518-4E65-A06E-03E983D07AA7}.Debug|ARM.ActiveCfg = Debug|Any CPU
		{BDD64059-8518-4E65-A06E-03E983D07AA7}.Debug|ARM.Build.0 = Debug|Any CPU
		{BDD64059-8518-4E65-A06E-03E983D07AA7}.Debug|ARM.Deploy.0 = Debug|Any CPU
		{BDD64059-8518-4E65-A06E-03E983D07AA7}.Debug|iPhone.ActiveCfg = Debug|Any CPU
		{BDD64059-8518-4E65-A06E-03E983D07AA7}.Debug|iPhone.Build.0 = Debug|Any CPU
		{BDD64059-8518-4E65-A06E-03E983D07AA7}.Debug|iPhone.Deploy.0 = Debug|Any CPU
		{BDD64059-8518-4E65-A06E-03E983D07AA7}.Debug|iPhoneSimulator.ActiveCfg = Debug|Any CPU
		{BDD64059-8518-4E65-A06E-03E983D07AA7}.Debug|iPhoneSimulator.Build.0 = Debug|Any CPU
		{BDD64059-8518-4E65-A06E-03E983D07AA7}.Debug|iPhoneSimulator.Deploy.0 = Debug|Any CPU
		{BDD64059-8518-4E65-A06E-03E983D07AA7}.Debug|x64.ActiveCfg = Debug|Any CPU
		{BDD64059-8518-4E65-A06E-03E983D07AA7}.Debug|x64.Build.0 = Debug|Any CPU
		{BDD64059-8518-4E65-A06E-03E983D07AA7}.Debug|x64.Deploy.0 = Debug|Any CPU
		{BDD64059-8518-4E65-A06E-03E983D07AA7}.Debug|x86.ActiveCfg = Debug|Any CPU
		{BDD64059-8518-4E65-A06E-03E983D07AA7}.Debug|x86.Build.0 = Debug|Any CPU
		{BDD64059-8518-4E65-A06E-03E983D07AA7}.Debug|x86.Deploy.0 = Debug|Any CPU
		{BDD64059-8518-4E65-A06E-03E983D07AA7}.Release|Any CPU.ActiveCfg = Release|Any CPU
		{BDD64059-8518-4E65-A06E-03E983D07AA7}.Release|Any CPU.Build.0 = Release|Any CPU
		{BDD64059-8518-4E65-A06E-03E983D07AA7}.Release|Any CPU.Deploy.0 = Release|Any CPU
		{BDD64059-8518-4E65-A06E-03E983D07AA7}.Release|ARM.ActiveCfg = Release|Any CPU
		{BDD64059-8518-4E65-A06E-03E983D07AA7}.Release|ARM.Build.0 = Release|Any CPU
		{BDD64059-8518-4E65-A06E-03E983D07AA7}.Release|ARM.Deploy.0 = Release|Any CPU
		{BDD64059-8518-4E65-A06E-03E983D07AA7}.Release|iPhone.ActiveCfg = Release|Any CPU
		{BDD64059-8518-4E65-A06E-03E983D07AA7}.Release|iPhone.Build.0 = Release|Any CPU
		{BDD64059-8518-4E65-A06E-03E983D07AA7}.Release|iPhone.Deploy.0 = Release|Any CPU
		{BDD64059-8518-4E65-A06E-03E983D07AA7}.Release|iPhoneSimulator.ActiveCfg = Release|Any CPU
		{BDD64059-8518-4E65-A06E-03E983D07AA7}.Release|iPhoneSimulator.Build.0 = Release|Any CPU
		{BDD64059-8518-4E65-A06E-03E983D07AA7}.Release|iPhoneSimulator.Deploy.0 = Release|Any CPU
		{BDD64059-8518-4E65-A06E-03E983D07AA7}.Release|x64.ActiveCfg = Release|Any CPU
		{BDD64059-8518-4E65-A06E-03E983D07AA7}.Release|x64.Build.0 = Release|Any CPU
		{BDD64059-8518-4E65-A06E-03E983D07AA7}.Release|x64.Deploy.0 = Release|Any CPU
		{BDD64059-8518-4E65-A06E-03E983D07AA7}.Release|x86.ActiveCfg = Release|Any CPU
		{BDD64059-8518-4E65-A06E-03E983D07AA7}.Release|x86.Build.0 = Release|Any CPU
		{BDD64059-8518-4E65-A06E-03E983D07AA7}.Release|x86.Deploy.0 = Release|Any CPU
		{9F1C0D75-F845-4E0A-B093-C761E8F200BE}.Ad-Hoc|Any CPU.ActiveCfg = Ad-Hoc|iPhone
		{9F1C0D75-F845-4E0A-B093-C761E8F200BE}.Ad-Hoc|ARM.ActiveCfg = Ad-Hoc|iPhone
		{9F1C0D75-F845-4E0A-B093-C761E8F200BE}.Ad-Hoc|iPhone.ActiveCfg = Ad-Hoc|iPhone
		{9F1C0D75-F845-4E0A-B093-C761E8F200BE}.Ad-Hoc|iPhone.Build.0 = Ad-Hoc|iPhone
		{9F1C0D75-F845-4E0A-B093-C761E8F200BE}.Ad-Hoc|iPhoneSimulator.ActiveCfg = Ad-Hoc|iPhoneSimulator
		{9F1C0D75-F845-4E0A-B093-C761E8F200BE}.Ad-Hoc|iPhoneSimulator.Build.0 = Ad-Hoc|iPhoneSimulator
		{9F1C0D75-F845-4E0A-B093-C761E8F200BE}.Ad-Hoc|x64.ActiveCfg = Ad-Hoc|iPhone
		{9F1C0D75-F845-4E0A-B093-C761E8F200BE}.Ad-Hoc|x86.ActiveCfg = Ad-Hoc|iPhone
		{9F1C0D75-F845-4E0A-B093-C761E8F200BE}.AppStore|Any CPU.ActiveCfg = AppStore|iPhone
		{9F1C0D75-F845-4E0A-B093-C761E8F200BE}.AppStore|ARM.ActiveCfg = AppStore|iPhone
		{9F1C0D75-F845-4E0A-B093-C761E8F200BE}.AppStore|iPhone.ActiveCfg = AppStore|iPhone
		{9F1C0D75-F845-4E0A-B093-C761E8F200BE}.AppStore|iPhone.Build.0 = AppStore|iPhone
		{9F1C0D75-F845-4E0A-B093-C761E8F200BE}.AppStore|iPhoneSimulator.ActiveCfg = AppStore|iPhoneSimulator
		{9F1C0D75-F845-4E0A-B093-C761E8F200BE}.AppStore|iPhoneSimulator.Build.0 = AppStore|iPhoneSimulator
		{9F1C0D75-F845-4E0A-B093-C761E8F200BE}.AppStore|x64.ActiveCfg = AppStore|iPhone
		{9F1C0D75-F845-4E0A-B093-C761E8F200BE}.AppStore|x86.ActiveCfg = AppStore|iPhone
		{9F1C0D75-F845-4E0A-B093-C761E8F200BE}.Debug|Any CPU.ActiveCfg = Debug|iPhone
		{9F1C0D75-F845-4E0A-B093-C761E8F200BE}.Debug|ARM.ActiveCfg = Debug|iPhone
		{9F1C0D75-F845-4E0A-B093-C761E8F200BE}.Debug|iPhone.ActiveCfg = Debug|iPhone
		{9F1C0D75-F845-4E0A-B093-C761E8F200BE}.Debug|iPhone.Build.0 = Debug|iPhone
		{9F1C0D75-F845-4E0A-B093-C761E8F200BE}.Debug|iPhoneSimulator.ActiveCfg = Debug|iPhoneSimulator
		{9F1C0D75-F845-4E0A-B093-C761E8F200BE}.Debug|iPhoneSimulator.Build.0 = Debug|iPhoneSimulator
		{9F1C0D75-F845-4E0A-B093-C761E8F200BE}.Debug|x64.ActiveCfg = Debug|iPhone
		{9F1C0D75-F845-4E0A-B093-C761E8F200BE}.Debug|x86.ActiveCfg = Debug|iPhone
		{9F1C0D75-F845-4E0A-B093-C761E8F200BE}.Release|Any CPU.ActiveCfg = Release|iPhone
		{9F1C0D75-F845-4E0A-B093-C761E8F200BE}.Release|ARM.ActiveCfg = Release|iPhone
		{9F1C0D75-F845-4E0A-B093-C761E8F200BE}.Release|iPhone.ActiveCfg = Release|iPhone
		{9F1C0D75-F845-4E0A-B093-C761E8F200BE}.Release|iPhone.Build.0 = Release|iPhone
		{9F1C0D75-F845-4E0A-B093-C761E8F200BE}.Release|iPhoneSimulator.ActiveCfg = Release|iPhoneSimulator
		{9F1C0D75-F845-4E0A-B093-C761E8F200BE}.Release|iPhoneSimulator.Build.0 = Release|iPhoneSimulator
		{9F1C0D75-F845-4E0A-B093-C761E8F200BE}.Release|x64.ActiveCfg = Release|iPhone
		{9F1C0D75-F845-4E0A-B093-C761E8F200BE}.Release|x86.ActiveCfg = Release|iPhone
		{7AED194C-F205-42B2-80B4-2648ED6D7CFA}.Ad-Hoc|Any CPU.ActiveCfg = Release|x86
		{7AED194C-F205-42B2-80B4-2648ED6D7CFA}.Ad-Hoc|Any CPU.Build.0 = Release|x86
		{7AED194C-F205-42B2-80B4-2648ED6D7CFA}.Ad-Hoc|Any CPU.Deploy.0 = Release|x86
		{7AED194C-F205-42B2-80B4-2648ED6D7CFA}.Ad-Hoc|ARM.ActiveCfg = Release|ARM
		{7AED194C-F205-42B2-80B4-2648ED6D7CFA}.Ad-Hoc|ARM.Build.0 = Release|ARM
		{7AED194C-F205-42B2-80B4-2648ED6D7CFA}.Ad-Hoc|ARM.Deploy.0 = Release|ARM
		{7AED194C-F205-42B2-80B4-2648ED6D7CFA}.Ad-Hoc|iPhone.ActiveCfg = Release|x86
		{7AED194C-F205-42B2-80B4-2648ED6D7CFA}.Ad-Hoc|iPhone.Build.0 = Release|x86
		{7AED194C-F205-42B2-80B4-2648ED6D7CFA}.Ad-Hoc|iPhone.Deploy.0 = Release|x86
		{7AED194C-F205-42B2-80B4-2648ED6D7CFA}.Ad-Hoc|iPhoneSimulator.ActiveCfg = Release|x86
		{7AED194C-F205-42B2-80B4-2648ED6D7CFA}.Ad-Hoc|iPhoneSimulator.Build.0 = Release|x86
		{7AED194C-F205-42B2-80B4-2648ED6D7CFA}.Ad-Hoc|iPhoneSimulator.Deploy.0 = Release|x86
		{7AED194C-F205-42B2-80B4-2648ED6D7CFA}.Ad-Hoc|x64.ActiveCfg = Release|x64
		{7AED194C-F205-42B2-80B4-2648ED6D7CFA}.Ad-Hoc|x64.Build.0 = Release|x64
		{7AED194C-F205-42B2-80B4-2648ED6D7CFA}.Ad-Hoc|x64.Deploy.0 = Release|x64
		{7AED194C-F205-42B2-80B4-2648ED6D7CFA}.Ad-Hoc|x86.ActiveCfg = Release|x86
		{7AED194C-F205-42B2-80B4-2648ED6D7CFA}.Ad-Hoc|x86.Build.0 = Release|x86
		{7AED194C-F205-42B2-80B4-2648ED6D7CFA}.Ad-Hoc|x86.Deploy.0 = Release|x86
		{7AED194C-F205-42B2-80B4-2648ED6D7CFA}.AppStore|Any CPU.ActiveCfg = Release|x86
		{7AED194C-F205-42B2-80B4-2648ED6D7CFA}.AppStore|Any CPU.Build.0 = Release|x86
		{7AED194C-F205-42B2-80B4-2648ED6D7CFA}.AppStore|Any CPU.Deploy.0 = Release|x86
		{7AED194C-F205-42B2-80B4-2648ED6D7CFA}.AppStore|ARM.ActiveCfg = Release|ARM
		{7AED194C-F205-42B2-80B4-2648ED6D7CFA}.AppStore|ARM.Build.0 = Release|ARM
		{7AED194C-F205-42B2-80B4-2648ED6D7CFA}.AppStore|ARM.Deploy.0 = Release|ARM
		{7AED194C-F205-42B2-80B4-2648ED6D7CFA}.AppStore|iPhone.ActiveCfg = Release|x86
		{7AED194C-F205-42B2-80B4-2648ED6D7CFA}.AppStore|iPhone.Build.0 = Release|x86
		{7AED194C-F205-42B2-80B4-2648ED6D7CFA}.AppStore|iPhone.Deploy.0 = Release|x86
		{7AED194C-F205-42B2-80B4-2648ED6D7CFA}.AppStore|iPhoneSimulator.ActiveCfg = Release|x86
		{7AED194C-F205-42B2-80B4-2648ED6D7CFA}.AppStore|iPhoneSimulator.Build.0 = Release|x86
		{7AED194C-F205-42B2-80B4-2648ED6D7CFA}.AppStore|iPhoneSimulator.Deploy.0 = Release|x86
		{7AED194C-F205-42B2-80B4-2648ED6D7CFA}.AppStore|x64.ActiveCfg = Release|x64
		{7AED194C-F205-42B2-80B4-2648ED6D7CFA}.AppStore|x64.Build.0 = Release|x64
		{7AED194C-F205-42B2-80B4-2648ED6D7CFA}.AppStore|x64.Deploy.0 = Release|x64
		{7AED194C-F205-42B2-80B4-2648ED6D7CFA}.AppStore|x86.ActiveCfg = Release|x86
		{7AED194C-F205-42B2-80B4-2648ED6D7CFA}.AppStore|x86.Build.0 = Release|x86
		{7AED194C-F205-42B2-80B4-2648ED6D7CFA}.AppStore|x86.Deploy.0 = Release|x86
		{7AED194C-F205-42B2-80B4-2648ED6D7CFA}.Debug|Any CPU.ActiveCfg = Debug|x86
		{7AED194C-F205-42B2-80B4-2648ED6D7CFA}.Debug|Any CPU.Build.0 = Debug|x86
		{7AED194C-F205-42B2-80B4-2648ED6D7CFA}.Debug|Any CPU.Deploy.0 = Debug|x86
		{7AED194C-F205-42B2-80B4-2648ED6D7CFA}.Debug|ARM.ActiveCfg = Debug|ARM
		{7AED194C-F205-42B2-80B4-2648ED6D7CFA}.Debug|ARM.Build.0 = Debug|ARM
		{7AED194C-F205-42B2-80B4-2648ED6D7CFA}.Debug|ARM.Deploy.0 = Debug|ARM
		{7AED194C-F205-42B2-80B4-2648ED6D7CFA}.Debug|iPhone.ActiveCfg = Debug|x86
		{7AED194C-F205-42B2-80B4-2648ED6D7CFA}.Debug|iPhoneSimulator.ActiveCfg = Debug|x86
		{7AED194C-F205-42B2-80B4-2648ED6D7CFA}.Debug|x64.ActiveCfg = Debug|x64
		{7AED194C-F205-42B2-80B4-2648ED6D7CFA}.Debug|x64.Build.0 = Debug|x64
		{7AED194C-F205-42B2-80B4-2648ED6D7CFA}.Debug|x64.Deploy.0 = Debug|x64
		{7AED194C-F205-42B2-80B4-2648ED6D7CFA}.Debug|x86.ActiveCfg = Debug|x86
		{7AED194C-F205-42B2-80B4-2648ED6D7CFA}.Debug|x86.Build.0 = Debug|x86
		{7AED194C-F205-42B2-80B4-2648ED6D7CFA}.Debug|x86.Deploy.0 = Debug|x86
		{7AED194C-F205-42B2-80B4-2648ED6D7CFA}.Release|Any CPU.ActiveCfg = Release|x86
		{7AED194C-F205-42B2-80B4-2648ED6D7CFA}.Release|ARM.ActiveCfg = Release|ARM
		{7AED194C-F205-42B2-80B4-2648ED6D7CFA}.Release|ARM.Build.0 = Release|ARM
		{7AED194C-F205-42B2-80B4-2648ED6D7CFA}.Release|ARM.Deploy.0 = Release|ARM
		{7AED194C-F205-42B2-80B4-2648ED6D7CFA}.Release|iPhone.ActiveCfg = Release|x86
		{7AED194C-F205-42B2-80B4-2648ED6D7CFA}.Release|iPhoneSimulator.ActiveCfg = Release|x86
		{7AED194C-F205-42B2-80B4-2648ED6D7CFA}.Release|x64.ActiveCfg = Release|x64
		{7AED194C-F205-42B2-80B4-2648ED6D7CFA}.Release|x64.Build.0 = Release|x64
		{7AED194C-F205-42B2-80B4-2648ED6D7CFA}.Release|x64.Deploy.0 = Release|x64
		{7AED194C-F205-42B2-80B4-2648ED6D7CFA}.Release|x86.ActiveCfg = Release|x86
		{7AED194C-F205-42B2-80B4-2648ED6D7CFA}.Release|x86.Build.0 = Release|x86
		{7AED194C-F205-42B2-80B4-2648ED6D7CFA}.Release|x86.Deploy.0 = Release|x86
		{F64CCBC8-E140-49C5-B227-31363ACA0BDA}.Ad-Hoc|Any CPU.ActiveCfg = Release|Any CPU
		{F64CCBC8-E140-49C5-B227-31363ACA0BDA}.Ad-Hoc|Any CPU.Build.0 = Release|Any CPU
		{F64CCBC8-E140-49C5-B227-31363ACA0BDA}.Ad-Hoc|ARM.ActiveCfg = Release|Any CPU
		{F64CCBC8-E140-49C5-B227-31363ACA0BDA}.Ad-Hoc|ARM.Build.0 = Release|Any CPU
		{F64CCBC8-E140-49C5-B227-31363ACA0BDA}.Ad-Hoc|iPhone.ActiveCfg = Release|Any CPU
		{F64CCBC8-E140-49C5-B227-31363ACA0BDA}.Ad-Hoc|iPhone.Build.0 = Release|Any CPU
		{F64CCBC8-E140-49C5-B227-31363ACA0BDA}.Ad-Hoc|iPhoneSimulator.ActiveCfg = Release|Any CPU
		{F64CCBC8-E140-49C5-B227-31363ACA0BDA}.Ad-Hoc|iPhoneSimulator.Build.0 = Release|Any CPU
		{F64CCBC8-E140-49C5-B227-31363ACA0BDA}.Ad-Hoc|x64.ActiveCfg = Release|Any CPU
		{F64CCBC8-E140-49C5-B227-31363ACA0BDA}.Ad-Hoc|x64.Build.0 = Release|Any CPU
		{F64CCBC8-E140-49C5-B227-31363ACA0BDA}.Ad-Hoc|x86.ActiveCfg = Release|Any CPU
		{F64CCBC8-E140-49C5-B227-31363ACA0BDA}.Ad-Hoc|x86.Build.0 = Release|Any CPU
		{F64CCBC8-E140-49C5-B227-31363ACA0BDA}.AppStore|Any CPU.ActiveCfg = Release|Any CPU
		{F64CCBC8-E140-49C5-B227-31363ACA0BDA}.AppStore|Any CPU.Build.0 = Release|Any CPU
		{F64CCBC8-E140-49C5-B227-31363ACA0BDA}.AppStore|ARM.ActiveCfg = Release|Any CPU
		{F64CCBC8-E140-49C5-B227-31363ACA0BDA}.AppStore|ARM.Build.0 = Release|Any CPU
		{F64CCBC8-E140-49C5-B227-31363ACA0BDA}.AppStore|iPhone.ActiveCfg = Release|Any CPU
		{F64CCBC8-E140-49C5-B227-31363ACA0BDA}.AppStore|iPhone.Build.0 = Release|Any CPU
		{F64CCBC8-E140-49C5-B227-31363ACA0BDA}.AppStore|iPhoneSimulator.ActiveCfg = Release|Any CPU
		{F64CCBC8-E140-49C5-B227-31363ACA0BDA}.AppStore|iPhoneSimulator.Build.0 = Release|Any CPU
		{F64CCBC8-E140-49C5-B227-31363ACA0BDA}.AppStore|x64.ActiveCfg = Release|Any CPU
		{F64CCBC8-E140-49C5-B227-31363ACA0BDA}.AppStore|x64.Build.0 = Release|Any CPU
		{F64CCBC8-E140-49C5-B227-31363ACA0BDA}.AppStore|x86.ActiveCfg = Release|Any CPU
		{F64CCBC8-E140-49C5-B227-31363ACA0BDA}.AppStore|x86.Build.0 = Release|Any CPU
		{F64CCBC8-E140-49C5-B227-31363ACA0BDA}.Debug|Any CPU.ActiveCfg = Debug|Any CPU
		{F64CCBC8-E140-49C5-B227-31363ACA0BDA}.Debug|Any CPU.Build.0 = Debug|Any CPU
		{F64CCBC8-E140-49C5-B227-31363ACA0BDA}.Debug|ARM.ActiveCfg = Debug|Any CPU
		{F64CCBC8-E140-49C5-B227-31363ACA0BDA}.Debug|ARM.Build.0 = Debug|Any CPU
		{F64CCBC8-E140-49C5-B227-31363ACA0BDA}.Debug|iPhone.ActiveCfg = Debug|Any CPU
		{F64CCBC8-E140-49C5-B227-31363ACA0BDA}.Debug|iPhone.Build.0 = Debug|Any CPU
		{F64CCBC8-E140-49C5-B227-31363ACA0BDA}.Debug|iPhoneSimulator.ActiveCfg = Debug|Any CPU
		{F64CCBC8-E140-49C5-B227-31363ACA0BDA}.Debug|iPhoneSimulator.Build.0 = Debug|Any CPU
		{F64CCBC8-E140-49C5-B227-31363ACA0BDA}.Debug|x64.ActiveCfg = Debug|Any CPU
		{F64CCBC8-E140-49C5-B227-31363ACA0BDA}.Debug|x64.Build.0 = Debug|Any CPU
		{F64CCBC8-E140-49C5-B227-31363ACA0BDA}.Debug|x86.ActiveCfg = Debug|Any CPU
		{F64CCBC8-E140-49C5-B227-31363ACA0BDA}.Debug|x86.Build.0 = Debug|Any CPU
		{F64CCBC8-E140-49C5-B227-31363ACA0BDA}.Release|Any CPU.ActiveCfg = Release|Any CPU
		{F64CCBC8-E140-49C5-B227-31363ACA0BDA}.Release|Any CPU.Build.0 = Release|Any CPU
		{F64CCBC8-E140-49C5-B227-31363ACA0BDA}.Release|ARM.ActiveCfg = Release|Any CPU
		{F64CCBC8-E140-49C5-B227-31363ACA0BDA}.Release|ARM.Build.0 = Release|Any CPU
		{F64CCBC8-E140-49C5-B227-31363ACA0BDA}.Release|iPhone.ActiveCfg = Release|Any CPU
		{F64CCBC8-E140-49C5-B227-31363ACA0BDA}.Release|iPhone.Build.0 = Release|Any CPU
		{F64CCBC8-E140-49C5-B227-31363ACA0BDA}.Release|iPhoneSimulator.ActiveCfg = Release|Any CPU
		{F64CCBC8-E140-49C5-B227-31363ACA0BDA}.Release|iPhoneSimulator.Build.0 = Release|Any CPU
		{F64CCBC8-E140-49C5-B227-31363ACA0BDA}.Release|x64.ActiveCfg = Release|Any CPU
		{F64CCBC8-E140-49C5-B227-31363ACA0BDA}.Release|x64.Build.0 = Release|Any CPU
		{F64CCBC8-E140-49C5-B227-31363ACA0BDA}.Release|x86.ActiveCfg = Release|Any CPU
		{F64CCBC8-E140-49C5-B227-31363ACA0BDA}.Release|x86.Build.0 = Release|Any CPU
	EndGlobalSection
	GlobalSection(SolutionProperties) = preSolution
		HideSolutionNode = FALSE
	EndGlobalSection
EndGlobal
